{
  "version": 4,
  "terraform_version": "1.0.7",
  "serial": 10,
  "lineage": "6fce64c0-4bdb-2cc3-390a-b9874d393105",
  "outputs": {},
  "resources": [
    {
      "mode": "data",
      "type": "aws_ami",
      "name": "slacko-app",
      "provider": "provider[\"registry.terraform.io/hashicorp/aws\"]",
      "instances": [
        {
          "schema_version": 0,
          "attributes": {
            "architecture": "x86_64",
            "arn": "arn:aws:ec2:us-east-1::image/ami-0617c50b76e1c51f6",
            "block_device_mappings": [
              {
                "device_name": "/dev/xvda",
                "ebs": {
                  "delete_on_termination": "true",
                  "encrypted": "false",
                  "iops": "0",
                  "snapshot_id": "snap-00811b980b02acdb5",
                  "throughput": "0",
                  "volume_size": "8",
                  "volume_type": "gp2"
                },
                "no_device": "",
                "virtual_name": ""
              }
            ],
            "creation_date": "2019-03-14T06:33:19.000Z",
            "description": "Amazon Linux 2 x86_64 hvm pre-installed with Amazon Inspector Agent using parent AMI: ami-0de53d8956e8dcf80.",
            "ena_support": true,
            "executable_users": null,
            "filter": [
              {
                "name": "architecture",
                "values": [
                  "x86_64"
                ]
              },
              {
                "name": "name",
                "values": [
                  "Amazon*"
                ]
              }
            ],
            "hypervisor": "xen",
            "id": "ami-0617c50b76e1c51f6",
            "image_id": "ami-0617c50b76e1c51f6",
            "image_location": "amazon/AmazonInspector-20190314-2b8d36-AL2_x86_64-gp2",
            "image_owner_alias": "amazon",
            "image_type": "machine",
            "kernel_id": null,
            "most_recent": true,
            "name": "AmazonInspector-20190314-2b8d36-AL2_x86_64-gp2",
            "name_regex": null,
            "owner_id": "344003356885",
            "owners": [
              "amazon"
            ],
            "platform": null,
            "platform_details": "Linux/UNIX",
            "product_codes": [],
            "public": true,
            "ramdisk_id": null,
            "root_device_name": "/dev/xvda",
            "root_device_type": "ebs",
            "root_snapshot_id": "snap-00811b980b02acdb5",
            "sriov_net_support": "simple",
            "state": "available",
            "state_reason": {
              "code": "UNSET",
              "message": "UNSET"
            },
            "tags": {},
            "usage_operation": "RunInstances",
            "virtualization_type": "hvm"
          },
          "sensitive_attributes": []
        }
      ]
    },
    {
      "mode": "data",
      "type": "aws_subnet",
      "name": "subnet_public",
      "provider": "provider[\"registry.terraform.io/hashicorp/aws\"]",
      "instances": [
        {
          "schema_version": 0,
          "attributes": {
            "arn": "arn:aws:ec2:us-east-1:892182889733:subnet/subnet-0011746ca7f1ce7da",
            "assign_ipv6_address_on_creation": false,
            "availability_zone": "us-east-1c",
            "availability_zone_id": "use1-az1",
            "available_ip_address_count": 251,
            "cidr_block": "10.0.102.0/24",
            "customer_owned_ipv4_pool": "",
            "default_for_az": false,
            "filter": null,
            "id": "subnet-0011746ca7f1ce7da",
            "ipv6_cidr_block": null,
            "ipv6_cidr_block_association_id": null,
            "map_customer_owned_ip_on_launch": false,
            "map_public_ip_on_launch": true,
            "outpost_arn": "",
            "owner_id": "892182889733",
            "state": "available",
            "tags": {
              "Name": "Andre-vpc-public-us-east-1c"
            },
            "vpc_id": "vpc-0b54a9371b62c188e"
          },
          "sensitive_attributes": []
        }
      ]
    },
    {
      "mode": "managed",
      "type": "aws_instance",
      "name": "mongodb",
      "provider": "provider[\"registry.terraform.io/hashicorp/aws\"]",
      "instances": [
        {
          "schema_version": 1,
          "attributes": {
            "ami": "ami-0617c50b76e1c51f6",
            "arn": "arn:aws:ec2:us-east-1:892182889733:instance/i-0746dcd0b55cd40c1",
            "associate_public_ip_address": true,
            "availability_zone": "us-east-1c",
            "capacity_reservation_specification": [
              {
                "capacity_reservation_preference": "open",
                "capacity_reservation_target": []
              }
            ],
            "cpu_core_count": 1,
            "cpu_threads_per_core": 1,
            "credit_specification": [
              {
                "cpu_credits": "standard"
              }
            ],
            "disable_api_termination": false,
            "ebs_block_device": [],
            "ebs_optimized": false,
            "enclave_options": [
              {
                "enabled": false
              }
            ],
            "ephemeral_block_device": [],
            "get_password_data": false,
            "hibernation": false,
            "host_id": null,
            "iam_instance_profile": "",
            "id": "i-0746dcd0b55cd40c1",
            "instance_initiated_shutdown_behavior": "stop",
            "instance_state": "running",
            "instance_type": "t2.micro",
            "ipv6_address_count": 0,
            "ipv6_addresses": [],
            "key_name": "slacko-app-key",
            "launch_template": [],
            "metadata_options": [
              {
                "http_endpoint": "enabled",
                "http_put_response_hop_limit": 1,
                "http_tokens": "optional"
              }
            ],
            "monitoring": false,
            "network_interface": [],
            "outpost_arn": "",
            "password_data": "",
            "placement_group": "",
            "primary_network_interface_id": "eni-087fb95ea9bec9500",
            "private_dns": "ip-10-0-102-89.ec2.internal",
            "private_ip": "10.0.102.89",
            "public_dns": "ec2-100-27-16-170.compute-1.amazonaws.com",
            "public_ip": "100.27.16.170",
            "root_block_device": [
              {
                "delete_on_termination": true,
                "device_name": "/dev/xvda",
                "encrypted": false,
                "iops": 100,
                "kms_key_id": "",
                "tags": {},
                "throughput": 0,
                "volume_id": "vol-0f293c3d5802afdbc",
                "volume_size": 8,
                "volume_type": "gp2"
              }
            ],
            "secondary_private_ips": [],
            "security_groups": [],
            "source_dest_check": true,
            "subnet_id": "subnet-0011746ca7f1ce7da",
            "tags": {
              "Name": "mongodb"
            },
            "tags_all": {
              "Name": "mongodb"
            },
            "tenancy": "default",
            "timeouts": null,
            "user_data": "5834df41b66b4bcd2bc1e2efff0936ed6d17a006",
            "user_data_base64": null,
            "volume_tags": null,
            "vpc_security_group_ids": [
              "sg-0b230999a1b4f0cdc"
            ]
          },
          "sensitive_attributes": [],
          "private": "eyJlMmJmYjczMC1lY2FhLTExZTYtOGY4OC0zNDM2M2JjN2M0YzAiOnsiY3JlYXRlIjo2MDAwMDAwMDAwMDAsImRlbGV0ZSI6MTIwMDAwMDAwMDAwMCwidXBkYXRlIjo2MDAwMDAwMDAwMDB9LCJzY2hlbWFfdmVyc2lvbiI6IjEifQ==",
          "dependencies": [
            "aws_key_pair.slacko-sshkey",
            "data.aws_ami.slacko-app",
            "data.aws_subnet.subnet_public"
          ]
        }
      ]
    },
    {
      "mode": "managed",
      "type": "aws_instance",
      "name": "slacko-app",
      "provider": "provider[\"registry.terraform.io/hashicorp/aws\"]",
      "instances": [
        {
          "schema_version": 1,
          "attributes": {
            "ami": "ami-0617c50b76e1c51f6",
            "arn": "arn:aws:ec2:us-east-1:892182889733:instance/i-0b038150a82bb7480",
            "associate_public_ip_address": true,
            "availability_zone": "us-east-1c",
            "capacity_reservation_specification": [
              {
                "capacity_reservation_preference": "open",
                "capacity_reservation_target": []
              }
            ],
            "cpu_core_count": 1,
            "cpu_threads_per_core": 1,
            "credit_specification": [
              {
                "cpu_credits": "standard"
              }
            ],
            "disable_api_termination": false,
            "ebs_block_device": [],
            "ebs_optimized": false,
            "enclave_options": [
              {
                "enabled": false
              }
            ],
            "ephemeral_block_device": [],
            "get_password_data": false,
            "hibernation": false,
            "host_id": null,
            "iam_instance_profile": "",
            "id": "i-0b038150a82bb7480",
            "instance_initiated_shutdown_behavior": "stop",
            "instance_state": "running",
            "instance_type": "t2.micro",
            "ipv6_address_count": 0,
            "ipv6_addresses": [],
            "key_name": "slacko-app-key",
            "launch_template": [],
            "metadata_options": [
              {
                "http_endpoint": "enabled",
                "http_put_response_hop_limit": 1,
                "http_tokens": "optional"
              }
            ],
            "monitoring": false,
            "network_interface": [],
            "outpost_arn": "",
            "password_data": "",
            "placement_group": "",
            "primary_network_interface_id": "eni-0800844885dc8c748",
            "private_dns": "ip-10-0-102-192.ec2.internal",
            "private_ip": "10.0.102.192",
            "public_dns": "ec2-3-239-212-217.compute-1.amazonaws.com",
            "public_ip": "3.239.212.217",
            "root_block_device": [
              {
                "delete_on_termination": true,
                "device_name": "/dev/xvda",
                "encrypted": false,
                "iops": 100,
                "kms_key_id": "",
                "tags": {},
                "throughput": 0,
                "volume_id": "vol-06ffe7b4ec4860788",
                "volume_size": 8,
                "volume_type": "gp2"
              }
            ],
            "secondary_private_ips": [],
            "security_groups": [],
            "source_dest_check": true,
            "subnet_id": "subnet-0011746ca7f1ce7da",
            "tags": {
              "Name": "slako-app"
            },
            "tags_all": {
              "Name": "slako-app"
            },
            "tenancy": "default",
            "timeouts": null,
            "user_data": "23563ebc4acb3f4629348d32cb69cf4749c9c8a9",
            "user_data_base64": null,
            "volume_tags": null,
            "vpc_security_group_ids": [
              "sg-0b230999a1b4f0cdc"
            ]
          },
          "sensitive_attributes": [],
          "private": "eyJlMmJmYjczMC1lY2FhLTExZTYtOGY4OC0zNDM2M2JjN2M0YzAiOnsiY3JlYXRlIjo2MDAwMDAwMDAwMDAsImRlbGV0ZSI6MTIwMDAwMDAwMDAwMCwidXBkYXRlIjo2MDAwMDAwMDAwMDB9LCJzY2hlbWFfdmVyc2lvbiI6IjEifQ==",
          "dependencies": [
            "aws_key_pair.slacko-sshkey",
            "data.aws_ami.slacko-app",
            "data.aws_subnet.subnet_public"
          ]
        }
      ]
    },
    {
      "mode": "managed",
      "type": "aws_key_pair",
      "name": "slacko-sshkey",
      "provider": "provider[\"registry.terraform.io/hashicorp/aws\"]",
      "instances": [
        {
          "schema_version": 1,
          "attributes": {
            "arn": "arn:aws:ec2:us-east-1:892182889733:key-pair/slacko-app-key",
            "fingerprint": "97:e8:98:0b:4a:97:57:ee:e1:05:c3:60:5e:d0:96:7b",
            "id": "slacko-app-key",
            "key_name": "slacko-app-key",
            "key_name_prefix": null,
            "key_pair_id": "key-05726dadf949d2f68",
            "public_key": "ssh-rsa AAAAB3NzaC1yc2EAAAADAQABAAABgQDIhZsGVHYSyYtgo/UjF7KFBnA+NjkuCn8TvpSzygvmnpqjJXEv1HBfe5jN/rhbvvK/N2Suzb1HtpEVzXQnhf1zlW7fGNAhhIo7WYAhmFViqzseVDJv09U+GZjRKsUvLXccDzYQsFVi+YQ6eS0i52vR5yeOG8KkgISUctp0NdyhNNObL7Dxu/zSUFtVjvOrora+i2PdcG3w8rwF/5mqqoocdGiqRw1gvt1Lz57Df7XRe9h+rTdaj5/Tyh/b0GCCEZqAGFJ84hYwdwXqp4VkbU/MF5l3Obk+GBV9fUbVQWgVSj7i+IoHWt3hlBXKV/uUgkVPTW4s8zjW4ekuZGDJXFjn+wqOfblwBDudsPVAqebW6KsK+/yd+fJD5OYNYhCbi9+9mPG6zbo7Cvoj+N5hmr4UNQqUrcY5nJik1oDjJPYXu3NgsK7NV7z2RdBKuyik32stKHqxXHgBJoVqixiRHnMK8AWfBv8ITvuHbSqLMhlKn/Wn85avt2yTzG/Hy9EPIw0= slacko-app",
            "tags": null,
            "tags_all": {}
          },
          "sensitive_attributes": [],
          "private": "eyJzY2hlbWFfdmVyc2lvbiI6IjEifQ=="
        }
      ]
    },
    {
      "mode": "managed",
      "type": "aws_network_interface_sg_attachment",
      "name": "mongodb-sg",
      "provider": "provider[\"registry.terraform.io/hashicorp/aws\"]",
      "instances": [
        {
          "schema_version": 0,
          "attributes": {
            "id": "sg-0359f1493af239185_eni-087fb95ea9bec9500",
            "network_interface_id": "eni-087fb95ea9bec9500",
            "security_group_id": "sg-0359f1493af239185"
          },
          "sensitive_attributes": [],
          "private": "bnVsbA==",
          "dependencies": [
            "aws_instance.mongodb",
            "aws_key_pair.slacko-sshkey",
            "aws_security_group.allow-mongodb",
            "data.aws_ami.slacko-app",
            "data.aws_subnet.subnet_public"
          ]
        }
      ]
    },
    {
      "mode": "managed",
      "type": "aws_network_interface_sg_attachment",
      "name": "slacko",
      "provider": "provider[\"registry.terraform.io/hashicorp/aws\"]",
      "instances": [
        {
          "schema_version": 0,
          "attributes": {
            "id": "sg-093586cebeac1a093_eni-0800844885dc8c748",
            "network_interface_id": "eni-0800844885dc8c748",
            "security_group_id": "sg-093586cebeac1a093"
          },
          "sensitive_attributes": [],
          "private": "bnVsbA==",
          "dependencies": [
            "aws_instance.slacko-app",
            "aws_key_pair.slacko-sshkey",
            "aws_security_group.allow-slacko",
            "data.aws_ami.slacko-app",
            "data.aws_subnet.subnet_public"
          ]
        }
      ]
    },
    {
      "mode": "managed",
      "type": "aws_route53_record",
      "name": "mongodb",
      "provider": "provider[\"registry.terraform.io/hashicorp/aws\"]",
      "instances": [
        {
          "schema_version": 2,
          "attributes": {
            "alias": [],
            "allow_overwrite": null,
            "failover_routing_policy": [],
            "fqdn": "mongodb.iaac0506.com.br",
            "geolocation_routing_policy": [],
            "health_check_id": null,
            "id": "Z08542171KF607KCDQH5S_mongodb.iaac0506.com.br_A",
            "latency_routing_policy": [],
            "multivalue_answer_routing_policy": null,
            "name": "mongodb.iaac0506.com.br",
            "records": [
              "10.0.102.89"
            ],
            "set_identifier": null,
            "ttl": 300,
            "type": "A",
            "weighted_routing_policy": [],
            "zone_id": "Z08542171KF607KCDQH5S"
          },
          "sensitive_attributes": [],
          "private": "eyJzY2hlbWFfdmVyc2lvbiI6IjIifQ==",
          "dependencies": [
            "aws_instance.mongodb",
            "aws_key_pair.slacko-sshkey",
            "aws_route53_zone.slacko_zone",
            "data.aws_ami.slacko-app",
            "data.aws_subnet.subnet_public"
          ]
        }
      ]
    },
    {
      "mode": "managed",
      "type": "aws_route53_zone",
      "name": "slacko_zone",
      "provider": "provider[\"registry.terraform.io/hashicorp/aws\"]",
      "instances": [
        {
          "schema_version": 0,
          "attributes": {
            "arn": "arn:aws:route53:::hostedzone/Z08542171KF607KCDQH5S",
            "comment": "Managed by Terraform",
            "delegation_set_id": "",
            "force_destroy": false,
            "id": "Z08542171KF607KCDQH5S",
            "name": "iaac0506.com.br",
            "name_servers": [
              "ns-0.awsdns-00.com.",
              "ns-1024.awsdns-00.org.",
              "ns-1536.awsdns-00.co.uk.",
              "ns-512.awsdns-00.net."
            ],
            "tags": null,
            "tags_all": {},
            "vpc": [
              {
                "vpc_id": "vpc-0b54a9371b62c188e",
                "vpc_region": "us-east-1"
              }
            ],
            "zone_id": "Z08542171KF607KCDQH5S"
          },
          "sensitive_attributes": [],
          "private": "bnVsbA=="
        }
      ]
    },
    {
      "mode": "managed",
      "type": "aws_security_group",
      "name": "allow-mongodb",
      "provider": "provider[\"registry.terraform.io/hashicorp/aws\"]",
      "instances": [
        {
          "schema_version": 1,
          "attributes": {
            "arn": "arn:aws:ec2:us-east-1:892182889733:security-group/sg-0359f1493af239185",
            "description": "allow Momngodb",
            "egress": [
              {
                "cidr_blocks": [
                  "0.0.0.0/0"
                ],
                "description": "Allow all",
                "from_port": 0,
                "ipv6_cidr_blocks": [],
                "prefix_list_ids": [],
                "protocol": "tcp",
                "security_groups": [],
                "self": false,
                "to_port": 0
              }
            ],
            "id": "sg-0359f1493af239185",
            "ingress": [
              {
                "cidr_blocks": [
                  "0.0.0.0/0"
                ],
                "description": "Allow mongodb",
                "from_port": 27017,
                "ipv6_cidr_blocks": [],
                "prefix_list_ids": [],
                "protocol": "tcp",
                "security_groups": [],
                "self": false,
                "to_port": 27017
              }
            ],
            "name": "allow_mongodb",
            "name_prefix": "",
            "owner_id": "892182889733",
            "revoke_rules_on_delete": false,
            "tags": {
              "Name": "allow_mongodb"
            },
            "tags_all": {
              "Name": "allow_mongodb"
            },
            "timeouts": null,
            "vpc_id": "vpc-0b54a9371b62c188e"
          },
          "sensitive_attributes": [],
          "private": "eyJlMmJmYjczMC1lY2FhLTExZTYtOGY4OC0zNDM2M2JjN2M0YzAiOnsiY3JlYXRlIjo2MDAwMDAwMDAwMDAsImRlbGV0ZSI6OTAwMDAwMDAwMDAwfSwic2NoZW1hX3ZlcnNpb24iOiIxIn0="
        }
      ]
    },
    {
      "mode": "managed",
      "type": "aws_security_group",
      "name": "allow-slacko",
      "provider": "provider[\"registry.terraform.io/hashicorp/aws\"]",
      "instances": [
        {
          "schema_version": 1,
          "attributes": {
            "arn": "arn:aws:ec2:us-east-1:892182889733:security-group/sg-093586cebeac1a093",
            "description": "allow ssh and http port",
            "egress": [
              {
                "cidr_blocks": [
                  "0.0.0.0/0"
                ],
                "description": "Allow all",
                "from_port": 0,
                "ipv6_cidr_blocks": [],
                "prefix_list_ids": [],
                "protocol": "tcp",
                "security_groups": [],
                "self": false,
                "to_port": 0
              }
            ],
            "id": "sg-093586cebeac1a093",
            "ingress": [
              {
                "cidr_blocks": [
                  "0.0.0.0/0"
                ],
                "description": "Allow SSH",
                "from_port": 22,
                "ipv6_cidr_blocks": [],
                "prefix_list_ids": [],
                "protocol": "tcp",
                "security_groups": [],
                "self": false,
                "to_port": 22
              },
              {
                "cidr_blocks": [
                  "0.0.0.0/0"
                ],
                "description": "Allow http",
                "from_port": 80,
                "ipv6_cidr_blocks": [],
                "prefix_list_ids": [],
                "protocol": "tcp",
                "security_groups": [],
                "self": false,
                "to_port": 80
              }
            ],
            "name": "allow_ssh_http",
            "name_prefix": "",
            "owner_id": "892182889733",
            "revoke_rules_on_delete": false,
            "tags": {
              "Name": "allow_ssh_http"
            },
            "tags_all": {
              "Name": "allow_ssh_http"
            },
            "timeouts": null,
            "vpc_id": "vpc-0b54a9371b62c188e"
          },
          "sensitive_attributes": [],
          "private": "eyJlMmJmYjczMC1lY2FhLTExZTYtOGY4OC0zNDM2M2JjN2M0YzAiOnsiY3JlYXRlIjo2MDAwMDAwMDAwMDAsImRlbGV0ZSI6OTAwMDAwMDAwMDAwfSwic2NoZW1hX3ZlcnNpb24iOiIxIn0="
        }
      ]
    }
  ]
}
